
Microsoft Visual Studio Solution File, Format Version 12.00
# Visual Studio Version 16
VisualStudioVersion = 16.0.31025.194
MinimumVisualStudioVersion = 10.0.40219.1
Project("{8BC9CEB8-8B4A-11D0-8D11-00A0C91BC942}") = "myOwnFilter", "myOwnFilter.vcxproj", "{6F6FC7AF-CF3B-42A9-98E0-AD7B70F79D3D}"
EndProject
Global
	GlobalSection(SolutionConfigurationPlatforms) = preSolution
		Debug|x64 = Debug|x64
		Debug|x86 = Debug|x86
		Release|x64 = Release|x64
		Release|x86 = Release|x86
	EndGlobalSection
	GlobalSection(ProjectConfigurationPlatforms) = postSolution
		{6F6FC7AF-CF3B-42A9-98E0-AD7B70F79D3D}.Debug|x64.ActiveCfg = Debug|x64
		{6F6FC7AF-CF3B-42A9-98E0-AD7B70F79D3D}.Debug|x64.Build.0 = Debug|x64
		{6F6FC7AF-CF3B-42A9-98E0-AD7B70F79D3D}.Debug|x86.ActiveCfg = Debug|Win32
		{6F6FC7AF-CF3B-42A9-98E0-AD7B70F79D3D}.Debug|x86.Build.0 = Debug|Win32
		{6F6FC7AF-CF3B-42A9-98E0-AD7B70F79D3D}.Release|x64.ActiveCfg = Release|x64
		{6F6FC7AF-CF3B-42A9-98E0-AD7B70F79D3D}.Release|x64.Build.0 = Release|x64
		{6F6FC7AF-CF3B-42A9-98E0-AD7B70F79D3D}.Release|x86.ActiveCfg = Release|Win32
		{6F6FC7AF-CF3B-42A9-98E0-AD7B70F79D3D}.Release|x86.Build.0 = Release|Win32
	EndGlobalSection
	GlobalSection(SolutionProperties) = preSolution
		HideSolutionNode = FALSE
	EndGlobalSection
	GlobalSection(ExtensibilityGlobals) = postSolution
		SolutionGuid = {72B13C74-FC3E-4EA2-BA8A-C12FF8273A58}
	EndGlobalSection
EndGlobal
